
Microsoft Visual Studio Solution File, Format Version 12.00
# Visual Studio Version 17
VisualStudioVersion = 17.11.35312.102
MinimumVisualStudioVersion = 10.0.40219.1
Project("{9A19103F-16F7-4668-BE54-9A1E7A4F7556}") = "KeystrokesByQByte64", "KeystrokesByQByte64.csproj", "{6A6A88D3-10E6-4D45-9860-E06EC84C4939}"
EndProject
Global
	GlobalSection(SolutionConfigurationPlatforms) = preSolution
		Debug|ARM64 = Debug|ARM64
		Debug|x64 = Debug|x64
		Release|ARM64 = Release|ARM64
		Release|x64 = Release|x64
	EndGlobalSection
	GlobalSection(ProjectConfigurationPlatforms) = postSolution
		{6A6A88D3-10E6-4D45-9860-E06EC84C4939}.Debug|ARM64.ActiveCfg = Debug|ARM64
		{6A6A88D3-10E6-4D45-9860-E06EC84C4939}.Debug|ARM64.Build.0 = Debug|ARM64
		{6A6A88D3-10E6-4D45-9860-E06EC84C4939}.Debug|ARM64.Deploy.0 = Debug|ARM64
		{6A6A88D3-10E6-4D45-9860-E06EC84C4939}.Debug|x64.ActiveCfg = Debug|x64
		{6A6A88D3-10E6-4D45-9860-E06EC84C4939}.Debug|x64.Build.0 = Debug|x64
		{6A6A88D3-10E6-4D45-9860-E06EC84C4939}.Debug|x64.Deploy.0 = Debug|x64
		{6A6A88D3-10E6-4D45-9860-E06EC84C4939}.Release|ARM64.ActiveCfg = Release|ARM64
		{6A6A88D3-10E6-4D45-9860-E06EC84C4939}.Release|ARM64.Build.0 = Release|ARM64
		{6A6A88D3-10E6-4D45-9860-E06EC84C4939}.Release|ARM64.Deploy.0 = Release|ARM64
		{6A6A88D3-10E6-4D45-9860-E06EC84C4939}.Release|x64.ActiveCfg = Release|x64
		{6A6A88D3-10E6-4D45-9860-E06EC84C4939}.Release|x64.Build.0 = Release|x64
		{6A6A88D3-10E6-4D45-9860-E06EC84C4939}.Release|x64.Deploy.0 = Release|x64
	EndGlobalSection
	GlobalSection(SolutionProperties) = preSolution
		HideSolutionNode = FALSE
	EndGlobalSection
	GlobalSection(ExtensibilityGlobals) = postSolution
		SolutionGuid = {853055F6-531C-421E-B193-188C87612D21}
	EndGlobalSection
EndGlobal
